// !$*UTF8*$!
{
	archiveVersion = 1;
	classes = {
	};
	objectVersion = 55;
	objects = {

/* Begin PBXBuildFile section */
		D1CF76A427FF1E3B00AA7FBE /* main.swift in Sources */ = {isa = PBXBuildFile; fileRef = D1CF76A327FF1E3B00AA7FBE /* main.swift */; };
		D1CF76AB27FF1E7700AA7FBE /* CommandProtocol.swift in Sources */ = {isa = PBXBuildFile; fileRef = D1CF76AA27FF1E7700AA7FBE /* CommandProtocol.swift */; };
		D1CF76AF27FF212E00AA7FBE /* Light.swift in Sources */ = {isa = PBXBuildFile; fileRef = D1CF76AE27FF212E00AA7FBE /* Light.swift */; };
		D1CF76B327FF3FB700AA7FBE /* RemoteControl.swift in Sources */ = {isa = PBXBuildFile; fileRef = D1CF76B227FF3FB700AA7FBE /* RemoteControl.swift */; };
		D1CF76B527FF4F3B00AA7FBE /* StereoOnWithCDCommand.swift in Sources */ = {isa = PBXBuildFile; fileRef = D1CF76B427FF4F3B00AA7FBE /* StereoOnWithCDCommand.swift */; };
		D1CF76B827FF51D400AA7FBE /* CeilingFan.swift in Sources */ = {isa = PBXBuildFile; fileRef = D1CF76B727FF51D400AA7FBE /* CeilingFan.swift */; };
		D1CF76BA27FF52B300AA7FBE /* GarageDoor.swift in Sources */ = {isa = PBXBuildFile; fileRef = D1CF76B927FF52B300AA7FBE /* GarageDoor.swift */; };
/* End PBXBuildFile section */

/* Begin PBXCopyFilesBuildPhase section */
		D1CF769E27FF1E3B00AA7FBE /* CopyFiles */ = {
			isa = PBXCopyFilesBuildPhase;
			buildActionMask = 2147483647;
			dstPath = /usr/share/man/man1/;
			dstSubfolderSpec = 0;
			files = (
			);
			runOnlyForDeploymentPostprocessing = 1;
		};
/* End PBXCopyFilesBuildPhase section */

/* Begin PBXFileReference section */
		D1CF76A027FF1E3B00AA7FBE /* PoolC_CommandPattern_book */ = {isa = PBXFileReference; explicitFileType = "compiled.mach-o.executable"; includeInIndex = 0; path = PoolC_CommandPattern_book; sourceTree = BUILT_PRODUCTS_DIR; };
		D1CF76A327FF1E3B00AA7FBE /* main.swift */ = {isa = PBXFileReference; lastKnownFileType = sourcecode.swift; path = main.swift; sourceTree = "<group>"; };
		D1CF76AA27FF1E7700AA7FBE /* CommandProtocol.swift */ = {isa = PBXFileReference; lastKnownFileType = sourcecode.swift; path = CommandProtocol.swift; sourceTree = "<group>"; };
		D1CF76AE27FF212E00AA7FBE /* Light.swift */ = {isa = PBXFileReference; lastKnownFileType = sourcecode.swift; path = Light.swift; sourceTree = "<group>"; };
		D1CF76B227FF3FB700AA7FBE /* RemoteControl.swift */ = {isa = PBXFileReference; lastKnownFileType = sourcecode.swift; path = RemoteControl.swift; sourceTree = "<group>"; };
		D1CF76B427FF4F3B00AA7FBE /* StereoOnWithCDCommand.swift */ = {isa = PBXFileReference; lastKnownFileType = sourcecode.swift; path = StereoOnWithCDCommand.swift; sourceTree = "<group>"; };
		D1CF76B727FF51D400AA7FBE /* CeilingFan.swift */ = {isa = PBXFileReference; lastKnownFileType = sourcecode.swift; path = CeilingFan.swift; sourceTree = "<group>"; };
		D1CF76B927FF52B300AA7FBE /* GarageDoor.swift */ = {isa = PBXFileReference; lastKnownFileType = sourcecode.swift; path = GarageDoor.swift; sourceTree = "<group>"; };
/* End PBXFileReference section */

/* Begin PBXFrameworksBuildPhase section */
		D1CF769D27FF1E3B00AA7FBE /* Frameworks */ = {
			isa = PBXFrameworksBuildPhase;
			buildActionMask = 2147483647;
			files = (
			);
			runOnlyForDeploymentPostprocessing = 0;
		};
/* End PBXFrameworksBuildPhase section */

/* Begin PBXGroup section */
		D1CF769727FF1E3B00AA7FBE = {
			isa = PBXGroup;
			children = (
				D1CF76A227FF1E3B00AA7FBE /* PoolC_CommandPattern_book */,
				D1CF76A127FF1E3B00AA7FBE /* Products */,
			);
			sourceTree = "<group>";
		};
		D1CF76A127FF1E3B00AA7FBE /* Products */ = {
			isa = PBXGroup;
			children = (
				D1CF76A027FF1E3B00AA7FBE /* PoolC_CommandPattern_book */,
			);
			name = Products;
			sourceTree = "<group>";
		};
		D1CF76A227FF1E3B00AA7FBE /* PoolC_CommandPattern_book */ = {
			isa = PBXGroup;
			children = (
				D1CF76A327FF1E3B00AA7FBE /* main.swift */,
				D1CF76AA27FF1E7700AA7FBE /* CommandProtocol.swift */,
				D1CF76B627FF517900AA7FBE /* Protocols */,
				D1CF76B227FF3FB700AA7FBE /* RemoteControl.swift */,
			);
			path = PoolC_CommandPattern_book;
			sourceTree = "<group>";
		};
		D1CF76B627FF517900AA7FBE /* Protocols */ = {
			isa = PBXGroup;
			children = (
				D1CF76AE27FF212E00AA7FBE /* Light.swift */,
				D1CF76B427FF4F3B00AA7FBE /* StereoOnWithCDCommand.swift */,
				D1CF76B727FF51D400AA7FBE /* CeilingFan.swift */,
				D1CF76B927FF52B300AA7FBE /* GarageDoor.swift */,
			);
			path = Protocols;
			sourceTree = "<group>";
		};
/* End PBXGroup section */

/* Begin PBXNativeTarget section */
		D1CF769F27FF1E3B00AA7FBE /* PoolC_CommandPattern_book */ = {
			isa = PBXNativeTarget;
			buildConfigurationList = D1CF76A727FF1E3B00AA7FBE /* Build configuration list for PBXNativeTarget "PoolC_CommandPattern_book" */;
			buildPhases = (
				D1CF769C27FF1E3B00AA7FBE /* Sources */,
				D1CF769D27FF1E3B00AA7FBE /* Frameworks */,
				D1CF769E27FF1E3B00AA7FBE /* CopyFiles */,
			);
			buildRules = (
			);
			dependencies = (
			);
			name = PoolC_CommandPattern_book;
			productName = PoolC_CommandPattern_book;
			productReference = D1CF76A027FF1E3B00AA7FBE /* PoolC_CommandPattern_book */;
			productType = "com.apple.product-type.tool";
		};
/* End PBXNativeTarget section */

/* Begin PBXProject section */
		D1CF769827FF1E3B00AA7FBE /* Project object */ = {
			isa = PBXProject;
			attributes = {
				BuildIndependentTargetsInParallel = 1;
				LastSwiftUpdateCheck = 1330;
				LastUpgradeCheck = 1330;
				TargetAttributes = {
					D1CF769F27FF1E3B00AA7FBE = {
						CreatedOnToolsVersion = 13.3;
					};
				};
			};
			buildConfigurationList = D1CF769B27FF1E3B00AA7FBE /* Build configuration list for PBXProject "PoolC_CommandPattern_book" */;
			compatibilityVersion = "Xcode 13.0";
			developmentRegion = en;
			hasScannedForEncodings = 0;
			knownRegions = (
				en,
				Base,
			);
			mainGroup = D1CF769727FF1E3B00AA7FBE;
			productRefGroup = D1CF76A127FF1E3B00AA7FBE /* Products */;
			projectDirPath = "";
			projectRoot = "";
			targets = (
				D1CF769F27FF1E3B00AA7FBE /* PoolC_CommandPattern_book */,
			);
		};
/* End PBXProject section */

/* Begin PBXSourcesBuildPhase section */
		D1CF769C27FF1E3B00AA7FBE /* Sources */ = {
			isa = PBXSourcesBuildPhase;
			buildActionMask = 2147483647;
			files = (
				D1CF76B327FF3FB700AA7FBE /* RemoteControl.swift in Sources */,
				D1CF76B827FF51D400AA7FBE /* CeilingFan.swift in Sources */,
				D1CF76A427FF1E3B00AA7FBE /* main.swift in Sources */,
				D1CF76B527FF4F3B00AA7FBE /* StereoOnWithCDCommand.swift in Sources */,
				D1CF76AF27FF212E00AA7FBE /* Light.swift in Sources */,
				D1CF76BA27FF52B300AA7FBE /* GarageDoor.swift in Sources */,
				D1CF76AB27FF1E7700AA7FBE /* CommandProtocol.swift in Sources */,
			);
			runOnlyForDeploymentPostprocessing = 0;
		};
/* End PBXSourcesBuildPhase section */

/* Begin XCBuildConfiguration section */
		D1CF76A527FF1E3B00AA7FBE /* Debug */ = {
			isa = XCBuildConfiguration;
			buildSettings = {
				ALWAYS_SEARCH_USER_PATHS = NO;
				CLANG_ANALYZER_NONNULL = YES;
				CLANG_ANALYZER_NUMBER_OBJECT_CONVERSION = YES_AGGRESSIVE;
				CLANG_CXX_LANGUAGE_STANDARD = "gnu++17";
				CLANG_ENABLE_MODULES = YES;
				CLANG_ENABLE_OBJC_ARC = YES;
				CLANG_ENABLE_OBJC_WEAK = YES;
				CLANG_WARN_BLOCK_CAPTURE_AUTORELEASING = YES;
				CLANG_WARN_BOOL_CONVERSION = YES;
				CLANG_WARN_COMMA = YES;
				CLANG_WARN_CONSTANT_CONVERSION = YES;
				CLANG_WARN_DEPRECATED_OBJC_IMPLEMENTATIONS = YES;
				CLANG_WARN_DIRECT_OBJC_ISA_USAGE = YES_ERROR;
				CLANG_WARN_DOCUMENTATION_COMMENTS = YES;
				CLANG_WARN_EMPTY_BODY = YES;
				CLANG_WARN_ENUM_CONVERSION = YES;
				CLANG_WARN_INFINITE_RECURSION = YES;
				CLANG_WARN_INT_CONVERSION = YES;
				CLANG_WARN_NON_LITERAL_NULL_CONVERSION = YES;
				CLANG_WARN_OBJC_IMPLICIT_RETAIN_SELF = YES;
				CLANG_WARN_OBJC_LITERAL_CONVERSION = YES;
				CLANG_WARN_OBJC_ROOT_CLASS = YES_ERROR;
				CLANG_WARN_QUOTED_INCLUDE_IN_FRAMEWORK_HEADER = YES;
				CLANG_WARN_RANGE_LOOP_ANALYSIS = YES;
				CLANG_WARN_STRICT_PROTOTYPES = YES;
				CLANG_WARN_SUSPICIOUS_MOVE = YES;
				CLANG_WARN_UNGUARDED_AVAILABILITY = YES_AGGRESSIVE;
				CLANG_WARN_UNREACHABLE_CODE = YES;
				CLANG_WARN__DUPLICATE_METHOD_MATCH = YES;
				COPY_PHASE_STRIP = NO;
				DEBUG_INFORMATION_FORMAT = dwarf;
				ENABLE_STRICT_OBJC_MSGSEND = YES;
				ENABLE_TESTABILITY = YES;
				GCC_C_LANGUAGE_STANDARD = gnu11;
				GCC_DYNAMIC_NO_PIC = NO;
				GCC_NO_COMMON_BLOCKS = YES;
				GCC_OPTIMIZATION_LEVEL = 0;
				GCC_PREPROCESSOR_DEFINITIONS = (
					"DEBUG=1",
					"$(inherited)",
				);
				GCC_WARN_64_TO_32_BIT_CONVERSION = YES;
				GCC_WARN_ABOUT_RETURN_TYPE = YES_ERROR;
				GCC_WARN_UNDECLARED_SELECTOR = YES;
				GCC_WARN_UNINITIALIZED_AUTOS = YES_AGGRESSIVE;
				GCC_WARN_UNUSED_FUNCTION = YES;
				GCC_WARN_UNUSED_VARIABLE = YES;
				MACOSX_DEPLOYMENT_TARGET = 12.3;
				MTL_ENABLE_DEBUG_INFO = INCLUDE_SOURCE;
				MTL_FAST_MATH = YES;
				ONLY_ACTIVE_ARCH = YES;
				SDKROOT = macosx;
				SWIFT_ACTIVE_COMPILATION_CONDITIONS = DEBUG;
				SWIFT_OPTIMIZATION_LEVEL = "-Onone";
			};
			name = Debug;
		};
		D1CF76A627FF1E3B00AA7FBE /* Release */ = {
			isa = XCBuildConfiguration;
			buildSettings = {
				ALWAYS_SEARCH_USER_PATHS = NO;
				CLANG_ANALYZER_NONNULL = YES;
				CLANG_ANALYZER_NUMBER_OBJECT_CONVERSION = YES_AGGRESSIVE;
				CLANG_CXX_LANGUAGE_STANDARD = "gnu++17";
				CLANG_ENABLE_MODULES = YES;
				CLANG_ENABLE_OBJC_ARC = YES;
				CLANG_ENABLE_OBJC_WEAK = YES;
				CLANG_WARN_BLOCK_CAPTURE_AUTORELEASING = YES;
				CLANG_WARN_BOOL_CONVERSION = YES;
				CLANG_WARN_COMMA = YES;
				CLANG_WARN_CONSTANT_CONVERSION = YES;
				CLANG_WARN_DEPRECATED_OBJC_IMPLEMENTATIONS = YES;
				CLANG_WARN_DIRECT_OBJC_ISA_USAGE = YES_ERROR;
				CLANG_WARN_DOCUMENTATION_COMMENTS = YES;
				CLANG_WARN_EMPTY_BODY = YES;
				CLANG_WARN_ENUM_CONVERSION = YES;
				CLANG_WARN_INFINITE_RECURSION = YES;
				CLANG_WARN_INT_CONVERSION = YES;
				CLANG_WARN_NON_LITERAL_NULL_CONVERSION = YES;
				CLANG_WARN_OBJC_IMPLICIT_RETAIN_SELF = YES;
				CLANG_WARN_OBJC_LITERAL_CONVERSION = YES;
				CLANG_WARN_OBJC_ROOT_CLASS = YES_ERROR;
				CLANG_WARN_QUOTED_INCLUDE_IN_FRAMEWORK_HEADER = YES;
				CLANG_WARN_RANGE_LOOP_ANALYSIS = YES;
				CLANG_WARN_STRICT_PROTOTYPES = YES;
				CLANG_WARN_SUSPICIOUS_MOVE = YES;
				CLANG_WARN_UNGUARDED_AVAILABILITY = YES_AGGRESSIVE;
				CLANG_WARN_UNREACHABLE_CODE = YES;
				CLANG_WARN__DUPLICATE_METHOD_MATCH = YES;
				COPY_PHASE_STRIP = NO;
				DEBUG_INFORMATION_FORMAT = "dwarf-with-dsym";
				ENABLE_NS_ASSERTIONS = NO;
				ENABLE_STRICT_OBJC_MSGSEND = YES;
				GCC_C_LANGUAGE_STANDARD = gnu11;
				GCC_NO_COMMON_BLOCKS = YES;
				GCC_WARN_64_TO_32_BIT_CONVERSION = YES;
				GCC_WARN_ABOUT_RETURN_TYPE = YES_ERROR;
				GCC_WARN_UNDECLARED_SELECTOR = YES;
				GCC_WARN_UNINITIALIZED_AUTOS = YES_AGGRESSIVE;
				GCC_WARN_UNUSED_FUNCTION = YES;
				GCC_WARN_UNUSED_VARIABLE = YES;
				MACOSX_DEPLOYMENT_TARGET = 12.3;
				MTL_ENABLE_DEBUG_INFO = NO;
				MTL_FAST_MATH = YES;
				SDKROOT = macosx;
				SWIFT_COMPILATION_MODE = wholemodule;
				SWIFT_OPTIMIZATION_LEVEL = "-O";
			};
			name = Release;
		};
		D1CF76A827FF1E3B00AA7FBE /* Debug */ = {
			isa = XCBuildConfiguration;
			buildSettings = {
				CODE_SIGN_STYLE = Automatic;
				DEVELOPMENT_TEAM = AJXCGH59LK;
				ENABLE_HARDENED_RUNTIME = YES;
				PRODUCT_NAME = "$(TARGET_NAME)";
				SWIFT_VERSION = 5.0;
			};
			name = Debug;
		};
		D1CF76A927FF1E3B00AA7FBE /* Release */ = {
			isa = XCBuildConfiguration;
			buildSettings = {
				CODE_SIGN_STYLE = Automatic;
				DEVELOPMENT_TEAM = AJXCGH59LK;
				ENABLE_HARDENED_RUNTIME = YES;
				PRODUCT_NAME = "$(TARGET_NAME)";
				SWIFT_VERSION = 5.0;
			};
			name = Release;
		};
/* End XCBuildConfiguration section */

/* Begin XCConfigurationList section */
		D1CF769B27FF1E3B00AA7FBE /* Build configuration list for PBXProject "PoolC_CommandPattern_book" */ = {
			isa = XCConfigurationList;
			buildConfigurations = (
				D1CF76A527FF1E3B00AA7FBE /* Debug */,
				D1CF76A627FF1E3B00AA7FBE /* Release */,
			);
			defaultConfigurationIsVisible = 0;
			defaultConfigurationName = Release;
		};
		D1CF76A727FF1E3B00AA7FBE /* Build configuration list for PBXNativeTarget "PoolC_CommandPattern_book" */ = {
			isa = XCConfigurationList;
			buildConfigurations = (
				D1CF76A827FF1E3B00AA7FBE /* Debug */,
				D1CF76A927FF1E3B00AA7FBE /* Release */,
			);
			defaultConfigurationIsVisible = 0;
			defaultConfigurationName = Release;
		};
/* End XCConfigurationList section */
	};
	rootObject = D1CF769827FF1E3B00AA7FBE /* Project object */;
}
